
Microsoft Visual Studio Solution File, Format Version 12.00
# Visual Studio Version 17
VisualStudioVersion = 17.7.34024.191
MinimumVisualStudioVersion = 10.0.40219.1
Project("{FAE04EC0-301F-11D3-BF4B-00C04F79EFBC}") = "ManageCategoriesApp", "ManageCategoriesApp\ManageCategoriesApp.csproj", "{D8E39A80-9335-482F-BC04-5B9A66244493}"
EndProject
Global
	GlobalSection(SolutionConfigurationPlatforms) = preSolution
		Debug|Any CPU = Debug|Any CPU
		Release|Any CPU = Release|Any CPU
	EndGlobalSection
	GlobalSection(ProjectConfigurationPlatforms) = postSolution
		{D8E39A80-9335-482F-BC04-5B9A66244493}.Debug|Any CPU.ActiveCfg = Debug|Any CPU
		{D8E39A80-9335-482F-BC04-5B9A66244493}.Debug|Any CPU.Build.0 = Debug|Any CPU
		{D8E39A80-9335-482F-BC04-5B9A66244493}.Release|Any CPU.ActiveCfg = Release|Any CPU
		{D8E39A80-9335-482F-BC04-5B9A66244493}.Release|Any CPU.Build.0 = Release|Any CPU
	EndGlobalSection
	GlobalSection(SolutionProperties) = preSolution
		HideSolutionNode = FALSE
	EndGlobalSection
	GlobalSection(ExtensibilityGlobals) = postSolution
		SolutionGuid = {D5CC9AD9-AA8C-428F-A847-86C81BA16A97}
	EndGlobalSection
EndGlobal
